{
  "object": {
    "pins": [
      {
        "package": "Parchment",
        "repositoryURL": "https://github.com/rechsteiner/Parchment",
        "state": {
          "branch": null,
          "revision": "2b1a370e71480cb1a95dd56ef8bddc2e0a45e033",
          "version": "3.1.0"
        }
      }
    ]
  },
  "version": 1
}
